// !$*UTF8*$!
{
	archiveVersion = 1;
	classes = {
	};
	objectVersion = 46;
	objects = {

/* Begin PBXBuildFile section */
		4A2933541B93260B00340036 /* main.m in Sources */ = {isa = PBXBuildFile; fileRef = 4A2933531B93260B00340036 /* main.m */; };
		4A2933571B93260B00340036 /* AppDelegate.m in Sources */ = {isa = PBXBuildFile; fileRef = 4A2933561B93260B00340036 /* AppDelegate.m */; };
		4A29335F1B93260B00340036 /* Images.xcassets in Resources */ = {isa = PBXBuildFile; fileRef = 4A29335E1B93260B00340036 /* Images.xcassets */; };
		4A2933621B93260B00340036 /* LaunchScreen.xib in Resources */ = {isa = PBXBuildFile; fileRef = 4A2933601B93260B00340036 /* LaunchScreen.xib */; };
		4A29336E1B93260B00340036 /* cylweiboTests.m in Sources */ = {isa = PBXBuildFile; fileRef = 4A29336D1B93260B00340036 /* cylweiboTests.m */; };
		4AB527881B94939100A7C054 /* homeControllerViewController.m in Sources */ = {isa = PBXBuildFile; fileRef = 4AB527871B94939100A7C054 /* homeControllerViewController.m */; };
		4AB5278E1B94941800A7C054 /* discoverController.m in Sources */ = {isa = PBXBuildFile; fileRef = 4AB5278D1B94941800A7C054 /* discoverController.m */; };
		4AB527911B94942B00A7C054 /* massageController.m in Sources */ = {isa = PBXBuildFile; fileRef = 4AB527901B94942B00A7C054 /* massageController.m */; };
		4AB527941B94944500A7C054 /* profileController.m in Sources */ = {isa = PBXBuildFile; fileRef = 4AB527931B94944500A7C054 /* profileController.m */; };
/* End PBXBuildFile section */

/* Begin PBXContainerItemProxy section */
		4A2933681B93260B00340036 /* PBXContainerItemProxy */ = {
			isa = PBXContainerItemProxy;
			containerPortal = 4A2933461B93260B00340036 /* Project object */;
			proxyType = 1;
			remoteGlobalIDString = 4A29334D1B93260B00340036;
			remoteInfo = cylweibo;
		};
/* End PBXContainerItemProxy section */

/* Begin PBXFileReference section */
		4A29334E1B93260B00340036 /* cylweibo.app */ = {isa = PBXFileReference; explicitFileType = wrapper.application; includeInIndex = 0; path = cylweibo.app; sourceTree = BUILT_PRODUCTS_DIR; };
		4A2933521B93260B00340036 /* Info.plist */ = {isa = PBXFileReference; lastKnownFileType = text.plist.xml; path = Info.plist; sourceTree = "<group>"; };
		4A2933531B93260B00340036 /* main.m */ = {isa = PBXFileReference; lastKnownFileType = sourcecode.c.objc; path = main.m; sourceTree = "<group>"; };
		4A2933551B93260B00340036 /* AppDelegate.h */ = {isa = PBXFileReference; lastKnownFileType = sourcecode.c.h; path = AppDelegate.h; sourceTree = "<group>"; };
		4A2933561B93260B00340036 /* AppDelegate.m */ = {isa = PBXFileReference; lastKnownFileType = sourcecode.c.objc; path = AppDelegate.m; sourceTree = "<group>"; };
		4A29335E1B93260B00340036 /* Images.xcassets */ = {isa = PBXFileReference; lastKnownFileType = folder.assetcatalog; path = Images.xcassets; sourceTree = "<group>"; };
		4A2933611B93260B00340036 /* Base */ = {isa = PBXFileReference; lastKnownFileType = file.xib; name = Base; path = Base.lproj/LaunchScreen.xib; sourceTree = "<group>"; };
		4A2933671B93260B00340036 /* cylweiboTests.xctest */ = {isa = PBXFileReference; explicitFileType = wrapper.cfbundle; includeInIndex = 0; path = cylweiboTests.xctest; sourceTree = BUILT_PRODUCTS_DIR; };
		4A29336C1B93260B00340036 /* Info.plist */ = {isa = PBXFileReference; lastKnownFileType = text.plist.xml; path = Info.plist; sourceTree = "<group>"; };
		4A29336D1B93260B00340036 /* cylweiboTests.m */ = {isa = PBXFileReference; lastKnownFileType = sourcecode.c.objc; path = cylweiboTests.m; sourceTree = "<group>"; };
		4A2933771B933C6700340036 /* pch.pch */ = {isa = PBXFileReference; lastKnownFileType = sourcecode.c.h; path = pch.pch; sourceTree = "<group>"; };
		4AB527861B94939100A7C054 /* homeControllerViewController.h */ = {isa = PBXFileReference; fileEncoding = 4; lastKnownFileType = sourcecode.c.h; path = homeControllerViewController.h; sourceTree = "<group>"; };
		4AB527871B94939100A7C054 /* homeControllerViewController.m */ = {isa = PBXFileReference; fileEncoding = 4; lastKnownFileType = sourcecode.c.objc; path = homeControllerViewController.m; sourceTree = "<group>"; };
		4AB5278C1B94941800A7C054 /* discoverController.h */ = {isa = PBXFileReference; fileEncoding = 4; lastKnownFileType = sourcecode.c.h; path = discoverController.h; sourceTree = "<group>"; };
		4AB5278D1B94941800A7C054 /* discoverController.m */ = {isa = PBXFileReference; fileEncoding = 4; lastKnownFileType = sourcecode.c.objc; path = discoverController.m; sourceTree = "<group>"; };
		4AB5278F1B94942B00A7C054 /* massageController.h */ = {isa = PBXFileReference; fileEncoding = 4; lastKnownFileType = sourcecode.c.h; path = massageController.h; sourceTree = "<group>"; };
		4AB527901B94942B00A7C054 /* massageController.m */ = {isa = PBXFileReference; fileEncoding = 4; lastKnownFileType = sourcecode.c.objc; path = massageController.m; sourceTree = "<group>"; };
		4AB527921B94944500A7C054 /* profileController.h */ = {isa = PBXFileReference; fileEncoding = 4; lastKnownFileType = sourcecode.c.h; path = profileController.h; sourceTree = "<group>"; };
		4AB527931B94944500A7C054 /* profileController.m */ = {isa = PBXFileReference; fileEncoding = 4; lastKnownFileType = sourcecode.c.objc; path = profileController.m; sourceTree = "<group>"; };
/* End PBXFileReference section */

/* Begin PBXFrameworksBuildPhase section */
		4A29334B1B93260B00340036 /* Frameworks */ = {
			isa = PBXFrameworksBuildPhase;
			buildActionMask = 2147483647;
			files = (
			);
			runOnlyForDeploymentPostprocessing = 0;
		};
		4A2933641B93260B00340036 /* Frameworks */ = {
			isa = PBXFrameworksBuildPhase;
			buildActionMask = 2147483647;
			files = (
			);
			runOnlyForDeploymentPostprocessing = 0;
		};
/* End PBXFrameworksBuildPhase section */

/* Begin PBXGroup section */
		4A2933451B93260B00340036 = {
			isa = PBXGroup;
			children = (
				4A2933501B93260B00340036 /* cylweibo */,
				4A29336A1B93260B00340036 /* cylweiboTests */,
				4A29334F1B93260B00340036 /* Products */,
			);
			sourceTree = "<group>";
		};
		4A29334F1B93260B00340036 /* Products */ = {
			isa = PBXGroup;
			children = (
				4A29334E1B93260B00340036 /* cylweibo.app */,
				4A2933671B93260B00340036 /* cylweiboTests.xctest */,
			);
			name = Products;
			sourceTree = "<group>";
		};
		4A2933501B93260B00340036 /* cylweibo */ = {
			isa = PBXGroup;
			children = (
				4A2933551B93260B00340036 /* AppDelegate.h */,
				4A2933561B93260B00340036 /* AppDelegate.m */,
				4AB527861B94939100A7C054 /* homeControllerViewController.h */,
				4AB527871B94939100A7C054 /* homeControllerViewController.m */,
				4AB5278C1B94941800A7C054 /* discoverController.h */,
				4AB5278D1B94941800A7C054 /* discoverController.m */,
				4AB5278F1B94942B00A7C054 /* massageController.h */,
				4AB527901B94942B00A7C054 /* massageController.m */,
				4AB527921B94944500A7C054 /* profileController.h */,
				4AB527931B94944500A7C054 /* profileController.m */,
				4A29335E1B93260B00340036 /* Images.xcassets */,
				4A2933601B93260B00340036 /* LaunchScreen.xib */,
				4A2933511B93260B00340036 /* Supporting Files */,
			);
			path = cylweibo;
			sourceTree = "<group>";
		};
		4A2933511B93260B00340036 /* Supporting Files */ = {
			isa = PBXGroup;
			children = (
				4A2933521B93260B00340036 /* Info.plist */,
				4A2933531B93260B00340036 /* main.m */,
			);
			name = "Supporting Files";
			sourceTree = "<group>";
		};
		4A29336A1B93260B00340036 /* cylweiboTests */ = {
			isa = PBXGroup;
			children = (
				4A29336D1B93260B00340036 /* cylweiboTests.m */,
				4A29336B1B93260B00340036 /* Supporting Files */,
			);
			path = cylweiboTests;
			sourceTree = "<group>";
		};
		4A29336B1B93260B00340036 /* Supporting Files */ = {
			isa = PBXGroup;
			children = (
				4A29336C1B93260B00340036 /* Info.plist */,
				4A2933771B933C6700340036 /* pch.pch */,
			);
			name = "Supporting Files";
			sourceTree = "<group>";
		};
/* End PBXGroup section */

/* Begin PBXNativeTarget section */
		4A29334D1B93260B00340036 /* cylweibo */ = {
			isa = PBXNativeTarget;
			buildConfigurationList = 4A2933711B93260B00340036 /* Build configuration list for PBXNativeTarget "cylweibo" */;
			buildPhases = (
				4A29334A1B93260B00340036 /* Sources */,
				4A29334B1B93260B00340036 /* Frameworks */,
				4A29334C1B93260B00340036 /* Resources */,
			);
			buildRules = (
			);
			dependencies = (
			);
			name = cylweibo;
			productName = cylweibo;
			productReference = 4A29334E1B93260B00340036 /* cylweibo.app */;
			productType = "com.apple.product-type.application";
		};
		4A2933661B93260B00340036 /* cylweiboTests */ = {
			isa = PBXNativeTarget;
			buildConfigurationList = 4A2933741B93260B00340036 /* Build configuration list for PBXNativeTarget "cylweiboTests" */;
			buildPhases = (
				4A2933631B93260B00340036 /* Sources */,
				4A2933641B93260B00340036 /* Frameworks */,
				4A2933651B93260B00340036 /* Resources */,
			);
			buildRules = (
			);
			dependencies = (
				4A2933691B93260B00340036 /* PBXTargetDependency */,
			);
			name = cylweiboTests;
			productName = cylweiboTests;
			productReference = 4A2933671B93260B00340036 /* cylweiboTests.xctest */;
			productType = "com.apple.product-type.bundle.unit-test";
		};
/* End PBXNativeTarget section */

/* Begin PBXProject section */
		4A2933461B93260B00340036 /* Project object */ = {
			isa = PBXProject;
			attributes = {
				LastUpgradeCheck = 0630;
				ORGANIZATIONNAME = "CYL－Mac";
				TargetAttributes = {
					4A29334D1B93260B00340036 = {
						CreatedOnToolsVersion = 6.3.1;
					};
					4A2933661B93260B00340036 = {
						CreatedOnToolsVersion = 6.3.1;
						TestTargetID = 4A29334D1B93260B00340036;
					};
				};
			};
			buildConfigurationList = 4A2933491B93260B00340036 /* Build configuration list for PBXProject "cylweibo" */;
			compatibilityVersion = "Xcode 3.2";
			developmentRegion = English;
			hasScannedForEncodings = 0;
			knownRegions = (
				en,
				Base,
			);
			mainGroup = 4A2933451B93260B00340036;
			productRefGroup = 4A29334F1B93260B00340036 /* Products */;
			projectDirPath = "";
			projectRoot = "";
			targets = (
				4A29334D1B93260B00340036 /* cylweibo */,
				4A2933661B93260B00340036 /* cylweiboTests */,
			);
		};
/* End PBXProject section */

/* Begin PBXResourcesBuildPhase section */
		4A29334C1B93260B00340036 /* Resources */ = {
			isa = PBXResourcesBuildPhase;
			buildActionMask = 2147483647;
			files = (
				4A2933621B93260B00340036 /* LaunchScreen.xib in Resources */,
				4A29335F1B93260B00340036 /* Images.xcassets in Resources */,
			);
			runOnlyForDeploymentPostprocessing = 0;
		};
		4A2933651B93260B00340036 /* Resources */ = {
			isa = PBXResourcesBuildPhase;
			buildActionMask = 2147483647;
			files = (
			);
			runOnlyForDeploymentPostprocessing = 0;
		};
/* End PBXResourcesBuildPhase section */

/* Begin PBXSourcesBuildPhase section */
		4A29334A1B93260B00340036 /* Sources */ = {
			isa = PBXSourcesBuildPhase;
			buildActionMask = 2147483647;
			files = (
				4AB527911B94942B00A7C054 /* massageController.m in Sources */,
				4A2933571B93260B00340036 /* AppDelegate.m in Sources */,
				4AB527881B94939100A7C054 /* homeControllerViewController.m in Sources */,
				4AB527941B94944500A7C054 /* profileController.m in Sources */,
				4AB5278E1B94941800A7C054 /* discoverController.m in Sources */,
				4A2933541B93260B00340036 /* main.m in Sources */,
			);
			runOnlyForDeploymentPostprocessing = 0;
		};
		4A2933631B93260B00340036 /* Sources */ = {
			isa = PBXSourcesBuildPhase;
			buildActionMask = 2147483647;
			files = (
				4A29336E1B93260B00340036 /* cylweiboTests.m in Sources */,
			);
			runOnlyForDeploymentPostprocessing = 0;
		};
/* End PBXSourcesBuildPhase section */

/* Begin PBXTargetDependency section */
		4A2933691B93260B00340036 /* PBXTargetDependency */ = {
			isa = PBXTargetDependency;
			target = 4A29334D1B93260B00340036 /* cylweibo */;
			targetProxy = 4A2933681B93260B00340036 /* PBXContainerItemProxy */;
		};
/* End PBXTargetDependency section */

/* Begin PBXVariantGroup section */
		4A2933601B93260B00340036 /* LaunchScreen.xib */ = {
			isa = PBXVariantGroup;
			children = (
				4A2933611B93260B00340036 /* Base */,
			);
			name = LaunchScreen.xib;
			sourceTree = "<group>";
		};
/* End PBXVariantGroup section */

/* Begin XCBuildConfiguration section */
		4A29336F1B93260B00340036 /* Debug */ = {
			isa = XCBuildConfiguration;
			buildSettings = {
				ALWAYS_SEARCH_USER_PATHS = NO;
				CLANG_CXX_LANGUAGE_STANDARD = "gnu++0x";
				CLANG_CXX_LIBRARY = "libc++";
				CLANG_ENABLE_MODULES = YES;
				CLANG_ENABLE_OBJC_ARC = YES;
				CLANG_WARN_BOOL_CONVERSION = YES;
				CLANG_WARN_CONSTANT_CONVERSION = YES;
				CLANG_WARN_DIRECT_OBJC_ISA_USAGE = YES_ERROR;
				CLANG_WARN_EMPTY_BODY = YES;
				CLANG_WARN_ENUM_CONVERSION = YES;
				CLANG_WARN_INT_CONVERSION = YES;
				CLANG_WARN_OBJC_ROOT_CLASS = YES_ERROR;
				CLANG_WARN_UNREACHABLE_CODE = YES;
				CLANG_WARN__DUPLICATE_METHOD_MATCH = YES;
				"CODE_SIGN_IDENTITY[sdk=iphoneos*]" = "iPhone Developer";
				COPY_PHASE_STRIP = NO;
				DEBUG_INFORMATION_FORMAT = "dwarf-with-dsym";
				ENABLE_STRICT_OBJC_MSGSEND = YES;
				GCC_C_LANGUAGE_STANDARD = gnu99;
				GCC_DYNAMIC_NO_PIC = NO;
				GCC_NO_COMMON_BLOCKS = YES;
				GCC_OPTIMIZATION_LEVEL = 0;
				GCC_PREPROCESSOR_DEFINITIONS = (
					"DEBUG=1",
					"$(inherited)",
				);
				GCC_SYMBOLS_PRIVATE_EXTERN = NO;
				GCC_WARN_64_TO_32_BIT_CONVERSION = YES;
				GCC_WARN_ABOUT_RETURN_TYPE = YES_ERROR;
				GCC_WARN_UNDECLARED_SELECTOR = YES;
				GCC_WARN_UNINITIALIZED_AUTOS = YES_AGGRESSIVE;
				GCC_WARN_UNUSED_FUNCTION = YES;
				GCC_WARN_UNUSED_VARIABLE = YES;
				IPHONEOS_DEPLOYMENT_TARGET = 8.3;
				MTL_ENABLE_DEBUG_INFO = YES;
				ONLY_ACTIVE_ARCH = YES;
				SDKROOT = iphoneos;
			};
			name = Debug;
		};
		4A2933701B93260B00340036 /* Release */ = {
			isa = XCBuildConfiguration;
			buildSettings = {
				ALWAYS_SEARCH_USER_PATHS = NO;
				CLANG_CXX_LANGUAGE_STANDARD = "gnu++0x";
				CLANG_CXX_LIBRARY = "libc++";
				CLANG_ENABLE_MODULES = YES;
				CLANG_ENABLE_OBJC_ARC = YES;
				CLANG_WARN_BOOL_CONVERSION = YES;
				CLANG_WARN_CONSTANT_CONVERSION = YES;
				CLANG_WARN_DIRECT_OBJC_ISA_USAGE = YES_ERROR;
				CLANG_WARN_EMPTY_BODY = YES;
				CLANG_WARN_ENUM_CONVERSION = YES;
				CLANG_WARN_INT_CONVERSION = YES;
				CLANG_WARN_OBJC_ROOT_CLASS = YES_ERROR;
				CLANG_WARN_UNREACHABLE_CODE = YES;
				CLANG_WARN__DUPLICATE_METHOD_MATCH = YES;
				"CODE_SIGN_IDENTITY[sdk=iphoneos*]" = "iPhone Developer";
				COPY_PHASE_STRIP = NO;
				DEBUG_INFORMATION_FORMAT = "dwarf-with-dsym";
				ENABLE_NS_ASSERTIONS = NO;
				ENABLE_STRICT_OBJC_MSGSEND = YES;
				GCC_C_LANGUAGE_STANDARD = gnu99;
				GCC_NO_COMMON_BLOCKS = YES;
				GCC_WARN_64_TO_32_BIT_CONVERSION = YES;
				GCC_WARN_ABOUT_RETURN_TYPE = YES_ERROR;
				GCC_WARN_UNDECLARED_SELECTOR = YES;
				GCC_WARN_UNINITIALIZED_AUTOS = YES_AGGRESSIVE;
				GCC_WARN_UNUSED_FUNCTION = YES;
				GCC_WARN_UNUSED_VARIABLE = YES;
				IPHONEOS_DEPLOYMENT_TARGET = 8.3;
				MTL_ENABLE_DEBUG_INFO = NO;
				SDKROOT = iphoneos;
				VALIDATE_PRODUCT = YES;
			};
			name = Release;
		};
		4A2933721B93260B00340036 /* Debug */ = {
			isa = XCBuildConfiguration;
			buildSettings = {
				ASSETCATALOG_COMPILER_APPICON_NAME = AppIcon;
				ASSETCATALOG_COMPILER_LAUNCHIMAGE_NAME = LaunchImage;
				GCC_PRECOMPILE_PREFIX_HEADER = YES;
				GCC_PREFIX_HEADER = "";
				INFOPLIST_FILE = cylweibo/Info.plist;
				IPHONEOS_DEPLOYMENT_TARGET = 8.1;
				LD_RUNPATH_SEARCH_PATHS = "$(inherited) @executable_path/Frameworks";
				PRODUCT_NAME = "$(TARGET_NAME)";
			};
			name = Debug;
		};
		4A2933731B93260B00340036 /* Release */ = {
			isa = XCBuildConfiguration;
			buildSettings = {
				ASSETCATALOG_COMPILER_APPICON_NAME = AppIcon;
				ASSETCATALOG_COMPILER_LAUNCHIMAGE_NAME = LaunchImage;
				GCC_PRECOMPILE_PREFIX_HEADER = YES;
				GCC_PREFIX_HEADER = "";
				INFOPLIST_FILE = cylweibo/Info.plist;
				IPHONEOS_DEPLOYMENT_TARGET = 8.1;
				LD_RUNPATH_SEARCH_PATHS = "$(inherited) @executable_path/Frameworks";
				PRODUCT_NAME = "$(TARGET_NAME)";
			};
			name = Release;
		};
		4A2933751B93260B00340036 /* Debug */ = {
			isa = XCBuildConfiguration;
			buildSettings = {
				BUNDLE_LOADER = "$(TEST_HOST)";
				FRAMEWORK_SEARCH_PATHS = (
					"$(SDKROOT)/Developer/Library/Frameworks",
					"$(inherited)",
				);
				GCC_PREPROCESSOR_DEFINITIONS = (
					"DEBUG=1",
					"$(inherited)",
				);
				INFOPLIST_FILE = cylweiboTests/Info.plist;
				LD_RUNPATH_SEARCH_PATHS = "$(inherited) @executable_path/Frameworks @loader_path/Frameworks";
				PRODUCT_NAME = "$(TARGET_NAME)";
				TEST_HOST = "$(BUILT_PRODUCTS_DIR)/cylweibo.app/cylweibo";
			};
			name = Debug;
		};
		4A2933761B93260B00340036 /* Release */ = {
			isa = XCBuildConfiguration;
			buildSettings = {
				BUNDLE_LOADER = "$(TEST_HOST)";
				FRAMEWORK_SEARCH_PATHS = (
					"$(SDKROOT)/Developer/Library/Frameworks",
					"$(inherited)",
				);
				INFOPLIST_FILE = cylweiboTests/Info.plist;
				LD_RUNPATH_SEARCH_PATHS = "$(inherited) @executable_path/Frameworks @loader_path/Frameworks";
				PRODUCT_NAME = "$(TARGET_NAME)";
				TEST_HOST = "$(BUILT_PRODUCTS_DIR)/cylweibo.app/cylweibo";
			};
			name = Release;
		};
/* End XCBuildConfiguration section */

/* Begin XCConfigurationList section */
		4A2933491B93260B00340036 /* Build configuration list for PBXProject "cylweibo" */ = {
			isa = XCConfigurationList;
			buildConfigurations = (
				4A29336F1B93260B00340036 /* Debug */,
				4A2933701B93260B00340036 /* Release */,
			);
			defaultConfigurationIsVisible = 0;
			defaultConfigurationName = Release;
		};
		4A2933711B93260B00340036 /* Build configuration list for PBXNativeTarget "cylweibo" */ = {
			isa = XCConfigurationList;
			buildConfigurations = (
				4A2933721B93260B00340036 /* Debug */,
				4A2933731B93260B00340036 /* Release */,
			);
			defaultConfigurationIsVisible = 0;
			defaultConfigurationName = Release;
		};
		4A2933741B93260B00340036 /* Build configuration list for PBXNativeTarget "cylweiboTests" */ = {
			isa = XCConfigurationList;
			buildConfigurations = (
				4A2933751B93260B00340036 /* Debug */,
				4A2933761B93260B00340036 /* Release */,
			);
			defaultConfigurationIsVisible = 0;
			defaultConfigurationName = Release;
		};
/* End XCConfigurationList section */
	};
	rootObject = 4A2933461B93260B00340036 /* Project object */;
}
